// !$*UTF8*$!
{
	archiveVersion = 1;
	classes = {
	};
	objectVersion = 50;
	objects = {

/* Begin PBXBuildFile section */
		22A15BC3248F5FE300220BFC /* AppDelegate.m in Sources */ = {isa = PBXBuildFile; fileRef = 22A15BC2248F5FE300220BFC /* AppDelegate.m */; };
		22A15BC6248F5FE300220BFC /* SceneDelegate.m in Sources */ = {isa = PBXBuildFile; fileRef = 22A15BC5248F5FE300220BFC /* SceneDelegate.m */; };
		22A15BC9248F5FE300220BFC /* ViewController.m in Sources */ = {isa = PBXBuildFile; fileRef = 22A15BC8248F5FE300220BFC /* ViewController.m */; };
		22A15BCC248F5FE300220BFC /* Main.storyboard in Resources */ = {isa = PBXBuildFile; fileRef = 22A15BCA248F5FE300220BFC /* Main.storyboard */; };
		22A15BCE248F5FE900220BFC /* Assets.xcassets in Resources */ = {isa = PBXBuildFile; fileRef = 22A15BCD248F5FE900220BFC /* Assets.xcassets */; };
		22A15BD1248F5FE900220BFC /* LaunchScreen.storyboard in Resources */ = {isa = PBXBuildFile; fileRef = 22A15BCF248F5FE900220BFC /* LaunchScreen.storyboard */; };
		22A15BD4248F5FE900220BFC /* main.m in Sources */ = {isa = PBXBuildFile; fileRef = 22A15BD3248F5FE900220BFC /* main.m */; };
		22A15BDC248F609400220BFC /* HLNextController.m in Sources */ = {isa = PBXBuildFile; fileRef = 22A15BDB248F609400220BFC /* HLNextController.m */; };
		22A15BDF248F65DB00220BFC /* HLProxy.m in Sources */ = {isa = PBXBuildFile; fileRef = 22A15BDE248F65DB00220BFC /* HLProxy.m */; };
/* End PBXBuildFile section */

/* Begin PBXFileReference section */
		22A15BBE248F5FE300220BFC /* 内存管理-NSTimer.app */ = {isa = PBXFileReference; explicitFileType = wrapper.application; includeInIndex = 0; path = "内存管理-NSTimer.app"; sourceTree = BUILT_PRODUCTS_DIR; };
		22A15BC1248F5FE300220BFC /* AppDelegate.h */ = {isa = PBXFileReference; lastKnownFileType = sourcecode.c.h; path = AppDelegate.h; sourceTree = "<group>"; };
		22A15BC2248F5FE300220BFC /* AppDelegate.m */ = {isa = PBXFileReference; lastKnownFileType = sourcecode.c.objc; path = AppDelegate.m; sourceTree = "<group>"; };
		22A15BC4248F5FE300220BFC /* SceneDelegate.h */ = {isa = PBXFileReference; lastKnownFileType = sourcecode.c.h; path = SceneDelegate.h; sourceTree = "<group>"; };
		22A15BC5248F5FE300220BFC /* SceneDelegate.m */ = {isa = PBXFileReference; lastKnownFileType = sourcecode.c.objc; path = SceneDelegate.m; sourceTree = "<group>"; };
		22A15BC7248F5FE300220BFC /* ViewController.h */ = {isa = PBXFileReference; lastKnownFileType = sourcecode.c.h; path = ViewController.h; sourceTree = "<group>"; };
		22A15BC8248F5FE300220BFC /* ViewController.m */ = {isa = PBXFileReference; lastKnownFileType = sourcecode.c.objc; path = ViewController.m; sourceTree = "<group>"; };
		22A15BCB248F5FE300220BFC /* Base */ = {isa = PBXFileReference; lastKnownFileType = file.storyboard; name = Base; path = Base.lproj/Main.storyboard; sourceTree = "<group>"; };
		22A15BCD248F5FE900220BFC /* Assets.xcassets */ = {isa = PBXFileReference; lastKnownFileType = folder.assetcatalog; path = Assets.xcassets; sourceTree = "<group>"; };
		22A15BD0248F5FE900220BFC /* Base */ = {isa = PBXFileReference; lastKnownFileType = file.storyboard; name = Base; path = Base.lproj/LaunchScreen.storyboard; sourceTree = "<group>"; };
		22A15BD2248F5FE900220BFC /* Info.plist */ = {isa = PBXFileReference; lastKnownFileType = text.plist.xml; path = Info.plist; sourceTree = "<group>"; };
		22A15BD3248F5FE900220BFC /* main.m */ = {isa = PBXFileReference; lastKnownFileType = sourcecode.c.objc; path = main.m; sourceTree = "<group>"; };
		22A15BDA248F609400220BFC /* HLNextController.h */ = {isa = PBXFileReference; lastKnownFileType = sourcecode.c.h; path = HLNextController.h; sourceTree = "<group>"; };
		22A15BDB248F609400220BFC /* HLNextController.m */ = {isa = PBXFileReference; lastKnownFileType = sourcecode.c.objc; path = HLNextController.m; sourceTree = "<group>"; };
		22A15BDD248F65DB00220BFC /* HLProxy.h */ = {isa = PBXFileReference; lastKnownFileType = sourcecode.c.h; path = HLProxy.h; sourceTree = "<group>"; };
		22A15BDE248F65DB00220BFC /* HLProxy.m */ = {isa = PBXFileReference; lastKnownFileType = sourcecode.c.objc; path = HLProxy.m; sourceTree = "<group>"; };
/* End PBXFileReference section */

/* Begin PBXFrameworksBuildPhase section */
		22A15BBB248F5FE300220BFC /* Frameworks */ = {
			isa = PBXFrameworksBuildPhase;
			buildActionMask = 2147483647;
			files = (
			);
			runOnlyForDeploymentPostprocessing = 0;
		};
/* End PBXFrameworksBuildPhase section */

/* Begin PBXGroup section */
		22A15BB5248F5FE300220BFC = {
			isa = PBXGroup;
			children = (
				22A15BC0248F5FE300220BFC /* 内存管理-NSTimer */,
				22A15BBF248F5FE300220BFC /* Products */,
			);
			sourceTree = "<group>";
		};
		22A15BBF248F5FE300220BFC /* Products */ = {
			isa = PBXGroup;
			children = (
				22A15BBE248F5FE300220BFC /* 内存管理-NSTimer.app */,
			);
			name = Products;
			sourceTree = "<group>";
		};
		22A15BC0248F5FE300220BFC /* 内存管理-NSTimer */ = {
			isa = PBXGroup;
			children = (
				22A15BC1248F5FE300220BFC /* AppDelegate.h */,
				22A15BC2248F5FE300220BFC /* AppDelegate.m */,
				22A15BC4248F5FE300220BFC /* SceneDelegate.h */,
				22A15BC5248F5FE300220BFC /* SceneDelegate.m */,
				22A15BC7248F5FE300220BFC /* ViewController.h */,
				22A15BC8248F5FE300220BFC /* ViewController.m */,
				22A15BDA248F609400220BFC /* HLNextController.h */,
				22A15BDB248F609400220BFC /* HLNextController.m */,
				22A15BDD248F65DB00220BFC /* HLProxy.h */,
				22A15BDE248F65DB00220BFC /* HLProxy.m */,
				22A15BCA248F5FE300220BFC /* Main.storyboard */,
				22A15BCD248F5FE900220BFC /* Assets.xcassets */,
				22A15BCF248F5FE900220BFC /* LaunchScreen.storyboard */,
				22A15BD2248F5FE900220BFC /* Info.plist */,
				22A15BD3248F5FE900220BFC /* main.m */,
			);
			path = "内存管理-NSTimer";
			sourceTree = "<group>";
		};
/* End PBXGroup section */

/* Begin PBXNativeTarget section */
		22A15BBD248F5FE300220BFC /* 内存管理-NSTimer */ = {
			isa = PBXNativeTarget;
			buildConfigurationList = 22A15BD7248F5FE900220BFC /* Build configuration list for PBXNativeTarget "内存管理-NSTimer" */;
			buildPhases = (
				22A15BBA248F5FE300220BFC /* Sources */,
				22A15BBB248F5FE300220BFC /* Frameworks */,
				22A15BBC248F5FE300220BFC /* Resources */,
			);
			buildRules = (
			);
			dependencies = (
			);
			name = "内存管理-NSTimer";
			productName = "内存管理-NSTimer";
			productReference = 22A15BBE248F5FE300220BFC /* 内存管理-NSTimer.app */;
			productType = "com.apple.product-type.application";
		};
/* End PBXNativeTarget section */

/* Begin PBXProject section */
		22A15BB6248F5FE300220BFC /* Project object */ = {
			isa = PBXProject;
			attributes = {
				LastUpgradeCheck = 1150;
				ORGANIZATIONNAME = haili;
				TargetAttributes = {
					22A15BBD248F5FE300220BFC = {
						CreatedOnToolsVersion = 11.5;
					};
				};
			};
			buildConfigurationList = 22A15BB9248F5FE300220BFC /* Build configuration list for PBXProject "内存管理-NSTimer" */;
			compatibilityVersion = "Xcode 9.3";
			developmentRegion = en;
			hasScannedForEncodings = 0;
			knownRegions = (
				en,
				Base,
			);
			mainGroup = 22A15BB5248F5FE300220BFC;
			productRefGroup = 22A15BBF248F5FE300220BFC /* Products */;
			projectDirPath = "";
			projectRoot = "";
			targets = (
				22A15BBD248F5FE300220BFC /* 内存管理-NSTimer */,
			);
		};
/* End PBXProject section */

/* Begin PBXResourcesBuildPhase section */
		22A15BBC248F5FE300220BFC /* Resources */ = {
			isa = PBXResourcesBuildPhase;
			buildActionMask = 2147483647;
			files = (
				22A15BD1248F5FE900220BFC /* LaunchScreen.storyboard in Resources */,
				22A15BCE248F5FE900220BFC /* Assets.xcassets in Resources */,
				22A15BCC248F5FE300220BFC /* Main.storyboard in Resources */,
			);
			runOnlyForDeploymentPostprocessing = 0;
		};
/* End PBXResourcesBuildPhase section */

/* Begin PBXSourcesBuildPhase section */
		22A15BBA248F5FE300220BFC /* Sources */ = {
			isa = PBXSourcesBuildPhase;
			buildActionMask = 2147483647;
			files = (
				22A15BDF248F65DB00220BFC /* HLProxy.m in Sources */,
				22A15BDC248F609400220BFC /* HLNextController.m in Sources */,
				22A15BC9248F5FE300220BFC /* ViewController.m in Sources */,
				22A15BC3248F5FE300220BFC /* AppDelegate.m in Sources */,
				22A15BD4248F5FE900220BFC /* main.m in Sources */,
				22A15BC6248F5FE300220BFC /* SceneDelegate.m in Sources */,
			);
			runOnlyForDeploymentPostprocessing = 0;
		};
/* End PBXSourcesBuildPhase section */

/* Begin PBXVariantGroup section */
		22A15BCA248F5FE300220BFC /* Main.storyboard */ = {
			isa = PBXVariantGroup;
			children = (
				22A15BCB248F5FE300220BFC /* Base */,
			);
			name = Main.storyboard;
			sourceTree = "<group>";
		};
		22A15BCF248F5FE900220BFC /* LaunchScreen.storyboard */ = {
			isa = PBXVariantGroup;
			children = (
				22A15BD0248F5FE900220BFC /* Base */,
			);
			name = LaunchScreen.storyboard;
			sourceTree = "<group>";
		};
/* End PBXVariantGroup section */

/* Begin XCBuildConfiguration section */
		22A15BD5248F5FE900220BFC /* Debug */ = {
			isa = XCBuildConfiguration;
			buildSettings = {
				ALWAYS_SEARCH_USER_PATHS = NO;
				CLANG_ANALYZER_NONNULL = YES;
				CLANG_ANALYZER_NUMBER_OBJECT_CONVERSION = YES_AGGRESSIVE;
				CLANG_CXX_LANGUAGE_STANDARD = "gnu++14";
				CLANG_CXX_LIBRARY = "libc++";
				CLANG_ENABLE_MODULES = YES;
				CLANG_ENABLE_OBJC_ARC = YES;
				CLANG_ENABLE_OBJC_WEAK = YES;
				CLANG_WARN_BLOCK_CAPTURE_AUTORELEASING = YES;
				CLANG_WARN_BOOL_CONVERSION = YES;
				CLANG_WARN_COMMA = YES;
				CLANG_WARN_CONSTANT_CONVERSION = YES;
				CLANG_WARN_DEPRECATED_OBJC_IMPLEMENTATIONS = YES;
				CLANG_WARN_DIRECT_OBJC_ISA_USAGE = YES_ERROR;
				CLANG_WARN_DOCUMENTATION_COMMENTS = YES;
				CLANG_WARN_EMPTY_BODY = YES;
				CLANG_WARN_ENUM_CONVERSION = YES;
				CLANG_WARN_INFINITE_RECURSION = YES;
				CLANG_WARN_INT_CONVERSION = YES;
				CLANG_WARN_NON_LITERAL_NULL_CONVERSION = YES;
				CLANG_WARN_OBJC_IMPLICIT_RETAIN_SELF = YES;
				CLANG_WARN_OBJC_LITERAL_CONVERSION = YES;
				CLANG_WARN_OBJC_ROOT_CLASS = YES_ERROR;
				CLANG_WARN_RANGE_LOOP_ANALYSIS = YES;
				CLANG_WARN_STRICT_PROTOTYPES = YES;
				CLANG_WARN_SUSPICIOUS_MOVE = YES;
				CLANG_WARN_UNGUARDED_AVAILABILITY = YES_AGGRESSIVE;
				CLANG_WARN_UNREACHABLE_CODE = YES;
				CLANG_WARN__DUPLICATE_METHOD_MATCH = YES;
				COPY_PHASE_STRIP = NO;
				DEBUG_INFORMATION_FORMAT = dwarf;
				ENABLE_STRICT_OBJC_MSGSEND = YES;
				ENABLE_TESTABILITY = YES;
				GCC_C_LANGUAGE_STANDARD = gnu11;
				GCC_DYNAMIC_NO_PIC = NO;
				GCC_NO_COMMON_BLOCKS = YES;
				GCC_OPTIMIZATION_LEVEL = 0;
				GCC_PREPROCESSOR_DEFINITIONS = (
					"DEBUG=1",
					"$(inherited)",
				);
				GCC_WARN_64_TO_32_BIT_CONVERSION = YES;
				GCC_WARN_ABOUT_RETURN_TYPE = YES_ERROR;
				GCC_WARN_UNDECLARED_SELECTOR = YES;
				GCC_WARN_UNINITIALIZED_AUTOS = YES_AGGRESSIVE;
				GCC_WARN_UNUSED_FUNCTION = YES;
				GCC_WARN_UNUSED_VARIABLE = YES;
				IPHONEOS_DEPLOYMENT_TARGET = 13.5;
				MTL_ENABLE_DEBUG_INFO = INCLUDE_SOURCE;
				MTL_FAST_MATH = YES;
				ONLY_ACTIVE_ARCH = YES;
				SDKROOT = iphoneos;
			};
			name = Debug;
		};
		22A15BD6248F5FE900220BFC /* Release */ = {
			isa = XCBuildConfiguration;
			buildSettings = {
				ALWAYS_SEARCH_USER_PATHS = NO;
				CLANG_ANALYZER_NONNULL = YES;
				CLANG_ANALYZER_NUMBER_OBJECT_CONVERSION = YES_AGGRESSIVE;
				CLANG_CXX_LANGUAGE_STANDARD = "gnu++14";
				CLANG_CXX_LIBRARY = "libc++";
				CLANG_ENABLE_MODULES = YES;
				CLANG_ENABLE_OBJC_ARC = YES;
				CLANG_ENABLE_OBJC_WEAK = YES;
				CLANG_WARN_BLOCK_CAPTURE_AUTORELEASING = YES;
				CLANG_WARN_BOOL_CONVERSION = YES;
				CLANG_WARN_COMMA = YES;
				CLANG_WARN_CONSTANT_CONVERSION = YES;
				CLANG_WARN_DEPRECATED_OBJC_IMPLEMENTATIONS = YES;
				CLANG_WARN_DIRECT_OBJC_ISA_USAGE = YES_ERROR;
				CLANG_WARN_DOCUMENTATION_COMMENTS = YES;
				CLANG_WARN_EMPTY_BODY = YES;
				CLANG_WARN_ENUM_CONVERSION = YES;
				CLANG_WARN_INFINITE_RECURSION = YES;
				CLANG_WARN_INT_CONVERSION = YES;
				CLANG_WARN_NON_LITERAL_NULL_CONVERSION = YES;
				CLANG_WARN_OBJC_IMPLICIT_RETAIN_SELF = YES;
				CLANG_WARN_OBJC_LITERAL_CONVERSION = YES;
				CLANG_WARN_OBJC_ROOT_CLASS = YES_ERROR;
				CLANG_WARN_RANGE_LOOP_ANALYSIS = YES;
				CLANG_WARN_STRICT_PROTOTYPES = YES;
				CLANG_WARN_SUSPICIOUS_MOVE = YES;
				CLANG_WARN_UNGUARDED_AVAILABILITY = YES_AGGRESSIVE;
				CLANG_WARN_UNREACHABLE_CODE = YES;
				CLANG_WARN__DUPLICATE_METHOD_MATCH = YES;
				COPY_PHASE_STRIP = NO;
				DEBUG_INFORMATION_FORMAT = "dwarf-with-dsym";
				ENABLE_NS_ASSERTIONS = NO;
				ENABLE_STRICT_OBJC_MSGSEND = YES;
				GCC_C_LANGUAGE_STANDARD = gnu11;
				GCC_NO_COMMON_BLOCKS = YES;
				GCC_WARN_64_TO_32_BIT_CONVERSION = YES;
				GCC_WARN_ABOUT_RETURN_TYPE = YES_ERROR;
				GCC_WARN_UNDECLARED_SELECTOR = YES;
				GCC_WARN_UNINITIALIZED_AUTOS = YES_AGGRESSIVE;
				GCC_WARN_UNUSED_FUNCTION = YES;
				GCC_WARN_UNUSED_VARIABLE = YES;
				IPHONEOS_DEPLOYMENT_TARGET = 13.5;
				MTL_ENABLE_DEBUG_INFO = NO;
				MTL_FAST_MATH = YES;
				SDKROOT = iphoneos;
				VALIDATE_PRODUCT = YES;
			};
			name = Release;
		};
		22A15BD8248F5FE900220BFC /* Debug */ = {
			isa = XCBuildConfiguration;
			buildSettings = {
				ASSETCATALOG_COMPILER_APPICON_NAME = AppIcon;
				CODE_SIGN_STYLE = Automatic;
				DEVELOPMENT_TEAM = B6546S5LLN;
				INFOPLIST_FILE = "内存管理-NSTimer/Info.plist";
				LD_RUNPATH_SEARCH_PATHS = (
					"$(inherited)",
					"@executable_path/Frameworks",
				);
				PRODUCT_BUNDLE_IDENTIFIER = "com.haili.-----NSTimer";
				PRODUCT_NAME = "$(TARGET_NAME)";
				TARGETED_DEVICE_FAMILY = "1,2";
			};
			name = Debug;
		};
		22A15BD9248F5FE900220BFC /* Release */ = {
			isa = XCBuildConfiguration;
			buildSettings = {
				ASSETCATALOG_COMPILER_APPICON_NAME = AppIcon;
				CODE_SIGN_STYLE = Automatic;
				DEVELOPMENT_TEAM = B6546S5LLN;
				INFOPLIST_FILE = "内存管理-NSTimer/Info.plist";
				LD_RUNPATH_SEARCH_PATHS = (
					"$(inherited)",
					"@executable_path/Frameworks",
				);
				PRODUCT_BUNDLE_IDENTIFIER = "com.haili.-----NSTimer";
				PRODUCT_NAME = "$(TARGET_NAME)";
				TARGETED_DEVICE_FAMILY = "1,2";
			};
			name = Release;
		};
/* End XCBuildConfiguration section */

/* Begin XCConfigurationList section */
		22A15BB9248F5FE300220BFC /* Build configuration list for PBXProject "内存管理-NSTimer" */ = {
			isa = XCConfigurationList;
			buildConfigurations = (
				22A15BD5248F5FE900220BFC /* Debug */,
				22A15BD6248F5FE900220BFC /* Release */,
			);
			defaultConfigurationIsVisible = 0;
			defaultConfigurationName = Release;
		};
		22A15BD7248F5FE900220BFC /* Build configuration list for PBXNativeTarget "内存管理-NSTimer" */ = {
			isa = XCConfigurationList;
			buildConfigurations = (
				22A15BD8248F5FE900220BFC /* Debug */,
				22A15BD9248F5FE900220BFC /* Release */,
			);
			defaultConfigurationIsVisible = 0;
			defaultConfigurationName = Release;
		};
/* End XCConfigurationList section */
	};
	rootObject = 22A15BB6248F5FE300220BFC /* Project object */;
}
